// !$*UTF8*$!
{
	archiveVersion = 1;
	classes = {
	};
	objectVersion = 50;
	objects = {

/* Begin PBXBuildFile section */
		573482562136BA5900A94B02 /* AppDelegate.swift in Sources */ = {isa = PBXBuildFile; fileRef = 573482552136BA5900A94B02 /* AppDelegate.swift */; };
		5734825D2136BA5B00A94B02 /* Assets.xcassets in Resources */ = {isa = PBXBuildFile; fileRef = 5734825C2136BA5B00A94B02 /* Assets.xcassets */; };
		5734826B2136BA5B00A94B02 /* VMAppTests.swift in Sources */ = {isa = PBXBuildFile; fileRef = 5734826A2136BA5B00A94B02 /* VMAppTests.swift */; };
		573482762136BA5B00A94B02 /* VMAppUITests.swift in Sources */ = {isa = PBXBuildFile; fileRef = 573482752136BA5B00A94B02 /* VMAppUITests.swift */; };
		5734828A2136BBC500A94B02 /* DebugSettingsViewController.swift in Sources */ = {isa = PBXBuildFile; fileRef = 573482842136BBC400A94B02 /* DebugSettingsViewController.swift */; };
		5734828D2136BBC500A94B02 /* DebugOptionsViewController.swift in Sources */ = {isa = PBXBuildFile; fileRef = 573482872136BBC400A94B02 /* DebugOptionsViewController.swift */; };
		5734828E2136BBC500A94B02 /* DebugUserDefaultsViewController.swift in Sources */ = {isa = PBXBuildFile; fileRef = 573482882136BBC400A94B02 /* DebugUserDefaultsViewController.swift */; };
		5734828F2136BBC500A94B02 /* DebugToolsViewController.swift in Sources */ = {isa = PBXBuildFile; fileRef = 573482892136BBC400A94B02 /* DebugToolsViewController.swift */; };
/* End PBXBuildFile section */

/* Begin PBXContainerItemProxy section */
		573482672136BA5B00A94B02 /* PBXContainerItemProxy */ = {
			isa = PBXContainerItemProxy;
			containerPortal = 5734824A2136BA5900A94B02 /* Project object */;
			proxyType = 1;
			remoteGlobalIDString = 573482512136BA5900A94B02;
			remoteInfo = VMApp;
		};
		573482722136BA5B00A94B02 /* PBXContainerItemProxy */ = {
			isa = PBXContainerItemProxy;
			containerPortal = 5734824A2136BA5900A94B02 /* Project object */;
			proxyType = 1;
			remoteGlobalIDString = 573482512136BA5900A94B02;
			remoteInfo = VMApp;
		};
/* End PBXContainerItemProxy section */

/* Begin PBXFileReference section */
		573482522136BA5900A94B02 /* VMApp.app */ = {isa = PBXFileReference; explicitFileType = wrapper.application; includeInIndex = 0; path = VMApp.app; sourceTree = BUILT_PRODUCTS_DIR; };
		573482552136BA5900A94B02 /* AppDelegate.swift */ = {isa = PBXFileReference; lastKnownFileType = sourcecode.swift; path = AppDelegate.swift; sourceTree = "<group>"; };
		5734825C2136BA5B00A94B02 /* Assets.xcassets */ = {isa = PBXFileReference; lastKnownFileType = folder.assetcatalog; path = Assets.xcassets; sourceTree = "<group>"; };
		573482612136BA5B00A94B02 /* Info.plist */ = {isa = PBXFileReference; lastKnownFileType = text.plist.xml; path = Info.plist; sourceTree = "<group>"; };
		573482662136BA5B00A94B02 /* VMAppTests.xctest */ = {isa = PBXFileReference; explicitFileType = wrapper.cfbundle; includeInIndex = 0; path = VMAppTests.xctest; sourceTree = BUILT_PRODUCTS_DIR; };
		5734826A2136BA5B00A94B02 /* VMAppTests.swift */ = {isa = PBXFileReference; lastKnownFileType = sourcecode.swift; path = VMAppTests.swift; sourceTree = "<group>"; };
		5734826C2136BA5B00A94B02 /* Info.plist */ = {isa = PBXFileReference; lastKnownFileType = text.plist.xml; path = Info.plist; sourceTree = "<group>"; };
		573482712136BA5B00A94B02 /* VMAppUITests.xctest */ = {isa = PBXFileReference; explicitFileType = wrapper.cfbundle; includeInIndex = 0; path = VMAppUITests.xctest; sourceTree = BUILT_PRODUCTS_DIR; };
		573482752136BA5B00A94B02 /* VMAppUITests.swift */ = {isa = PBXFileReference; lastKnownFileType = sourcecode.swift; path = VMAppUITests.swift; sourceTree = "<group>"; };
		573482772136BA5B00A94B02 /* Info.plist */ = {isa = PBXFileReference; lastKnownFileType = text.plist.xml; path = Info.plist; sourceTree = "<group>"; };
		573482842136BBC400A94B02 /* DebugSettingsViewController.swift */ = {isa = PBXFileReference; fileEncoding = 4; lastKnownFileType = sourcecode.swift; path = DebugSettingsViewController.swift; sourceTree = "<group>"; };
		573482872136BBC400A94B02 /* DebugOptionsViewController.swift */ = {isa = PBXFileReference; fileEncoding = 4; lastKnownFileType = sourcecode.swift; path = DebugOptionsViewController.swift; sourceTree = "<group>"; };
		573482882136BBC400A94B02 /* DebugUserDefaultsViewController.swift */ = {isa = PBXFileReference; fileEncoding = 4; lastKnownFileType = sourcecode.swift; path = DebugUserDefaultsViewController.swift; sourceTree = "<group>"; };
		573482892136BBC400A94B02 /* DebugToolsViewController.swift */ = {isa = PBXFileReference; fileEncoding = 4; lastKnownFileType = sourcecode.swift; path = DebugToolsViewController.swift; sourceTree = "<group>"; };
/* End PBXFileReference section */

/* Begin PBXFrameworksBuildPhase section */
		5734824F2136BA5900A94B02 /* Frameworks */ = {
			isa = PBXFrameworksBuildPhase;
			buildActionMask = 2147483647;
			files = (
			);
			runOnlyForDeploymentPostprocessing = 0;
		};
		573482632136BA5B00A94B02 /* Frameworks */ = {
			isa = PBXFrameworksBuildPhase;
			buildActionMask = 2147483647;
			files = (
			);
			runOnlyForDeploymentPostprocessing = 0;
		};
		5734826E2136BA5B00A94B02 /* Frameworks */ = {
			isa = PBXFrameworksBuildPhase;
			buildActionMask = 2147483647;
			files = (
			);
			runOnlyForDeploymentPostprocessing = 0;
		};
/* End PBXFrameworksBuildPhase section */

/* Begin PBXGroup section */
		573482492136BA5800A94B02 = {
			isa = PBXGroup;
			children = (
				573482832136BBC400A94B02 /* Debug */,
				573482542136BA5900A94B02 /* VMApp */,
				573482692136BA5B00A94B02 /* VMAppTests */,
				573482742136BA5B00A94B02 /* VMAppUITests */,
				573482532136BA5900A94B02 /* Products */,
			);
			sourceTree = "<group>";
		};
		573482532136BA5900A94B02 /* Products */ = {
			isa = PBXGroup;
			children = (
				573482522136BA5900A94B02 /* VMApp.app */,
				573482662136BA5B00A94B02 /* VMAppTests.xctest */,
				573482712136BA5B00A94B02 /* VMAppUITests.xctest */,
			);
			name = Products;
			sourceTree = "<group>";
		};
		573482542136BA5900A94B02 /* VMApp */ = {
			isa = PBXGroup;
			children = (
				573482552136BA5900A94B02 /* AppDelegate.swift */,
				5734825C2136BA5B00A94B02 /* Assets.xcassets */,
				573482612136BA5B00A94B02 /* Info.plist */,
			);
			path = VMApp;
			sourceTree = "<group>";
		};
		573482692136BA5B00A94B02 /* VMAppTests */ = {
			isa = PBXGroup;
			children = (
				5734826A2136BA5B00A94B02 /* VMAppTests.swift */,
				5734826C2136BA5B00A94B02 /* Info.plist */,
			);
			path = VMAppTests;
			sourceTree = "<group>";
		};
		573482742136BA5B00A94B02 /* VMAppUITests */ = {
			isa = PBXGroup;
			children = (
				573482752136BA5B00A94B02 /* VMAppUITests.swift */,
				573482772136BA5B00A94B02 /* Info.plist */,
			);
			path = VMAppUITests;
			sourceTree = "<group>";
		};
		573482832136BBC400A94B02 /* Debug */ = {
			isa = PBXGroup;
			children = (
				573482872136BBC400A94B02 /* DebugOptionsViewController.swift */,
				573482842136BBC400A94B02 /* DebugSettingsViewController.swift */,
				573482892136BBC400A94B02 /* DebugToolsViewController.swift */,
				573482882136BBC400A94B02 /* DebugUserDefaultsViewController.swift */,
			);
			path = Debug;
			sourceTree = "<group>";
		};
/* End PBXGroup section */

/* Begin PBXNativeTarget section */
		573482512136BA5900A94B02 /* VMApp */ = {
			isa = PBXNativeTarget;
			buildConfigurationList = 5734827A2136BA5B00A94B02 /* Build configuration list for PBXNativeTarget "VMApp" */;
			buildPhases = (
				5734824E2136BA5900A94B02 /* Sources */,
				5734824F2136BA5900A94B02 /* Frameworks */,
				573482502136BA5900A94B02 /* Resources */,
			);
			buildRules = (
			);
			dependencies = (
			);
			name = VMApp;
			productName = VMApp;
			productReference = 573482522136BA5900A94B02 /* VMApp.app */;
			productType = "com.apple.product-type.application";
		};
		573482652136BA5B00A94B02 /* VMAppTests */ = {
			isa = PBXNativeTarget;
			buildConfigurationList = 5734827D2136BA5B00A94B02 /* Build configuration list for PBXNativeTarget "VMAppTests" */;
			buildPhases = (
				573482622136BA5B00A94B02 /* Sources */,
				573482632136BA5B00A94B02 /* Frameworks */,
				573482642136BA5B00A94B02 /* Resources */,
			);
			buildRules = (
			);
			dependencies = (
				573482682136BA5B00A94B02 /* PBXTargetDependency */,
			);
			name = VMAppTests;
			productName = VMAppTests;
			productReference = 573482662136BA5B00A94B02 /* VMAppTests.xctest */;
			productType = "com.apple.product-type.bundle.unit-test";
		};
		573482702136BA5B00A94B02 /* VMAppUITests */ = {
			isa = PBXNativeTarget;
			buildConfigurationList = 573482802136BA5B00A94B02 /* Build configuration list for PBXNativeTarget "VMAppUITests" */;
			buildPhases = (
				5734826D2136BA5B00A94B02 /* Sources */,
				5734826E2136BA5B00A94B02 /* Frameworks */,
				5734826F2136BA5B00A94B02 /* Resources */,
			);
			buildRules = (
			);
			dependencies = (
				573482732136BA5B00A94B02 /* PBXTargetDependency */,
			);
			name = VMAppUITests;
			productName = VMAppUITests;
			productReference = 573482712136BA5B00A94B02 /* VMAppUITests.xctest */;
			productType = "com.apple.product-type.bundle.ui-testing";
		};
/* End PBXNativeTarget section */

/* Begin PBXProject section */
		5734824A2136BA5900A94B02 /* Project object */ = {
			isa = PBXProject;
			attributes = {
				LastSwiftUpdateCheck = 0940;
				LastUpgradeCheck = 0940;
				ORGANIZATIONNAME = "Victor Marcias";
				TargetAttributes = {
					573482512136BA5900A94B02 = {
						CreatedOnToolsVersion = 9.4.1;
					};
					573482652136BA5B00A94B02 = {
						CreatedOnToolsVersion = 9.4.1;
						TestTargetID = 573482512136BA5900A94B02;
					};
					573482702136BA5B00A94B02 = {
						CreatedOnToolsVersion = 9.4.1;
						TestTargetID = 573482512136BA5900A94B02;
					};
				};
			};
			buildConfigurationList = 5734824D2136BA5900A94B02 /* Build configuration list for PBXProject "VMApp" */;
			compatibilityVersion = "Xcode 9.3";
			developmentRegion = en;
			hasScannedForEncodings = 0;
			knownRegions = (
				en,
				Base,
			);
			mainGroup = 573482492136BA5800A94B02;
			productRefGroup = 573482532136BA5900A94B02 /* Products */;
			projectDirPath = "";
			projectRoot = "";
			targets = (
				573482512136BA5900A94B02 /* VMApp */,
				573482652136BA5B00A94B02 /* VMAppTests */,
				573482702136BA5B00A94B02 /* VMAppUITests */,
			);
		};
/* End PBXProject section */

/* Begin PBXResourcesBuildPhase section */
		573482502136BA5900A94B02 /* Resources */ = {
			isa = PBXResourcesBuildPhase;
			buildActionMask = 2147483647;
			files = (
				5734825D2136BA5B00A94B02 /* Assets.xcassets in Resources */,
			);
			runOnlyForDeploymentPostprocessing = 0;
		};
		573482642136BA5B00A94B02 /* Resources */ = {
			isa = PBXResourcesBuildPhase;
			buildActionMask = 2147483647;
			files = (
			);
			runOnlyForDeploymentPostprocessing = 0;
		};
		5734826F2136BA5B00A94B02 /* Resources */ = {
			isa = PBXResourcesBuildPhase;
			buildActionMask = 2147483647;
			files = (
			);
			runOnlyForDeploymentPostprocessing = 0;
		};
/* End PBXResourcesBuildPhase section */

/* Begin PBXSourcesBuildPhase section */
		5734824E2136BA5900A94B02 /* Sources */ = {
			isa = PBXSourcesBuildPhase;
			buildActionMask = 2147483647;
			files = (
				573482562136BA5900A94B02 /* AppDelegate.swift in Sources */,
				5734828F2136BBC500A94B02 /* DebugToolsViewController.swift in Sources */,
				5734828A2136BBC500A94B02 /* DebugSettingsViewController.swift in Sources */,
				5734828D2136BBC500A94B02 /* DebugOptionsViewController.swift in Sources */,
				5734828E2136BBC500A94B02 /* DebugUserDefaultsViewController.swift in Sources */,
			);
			runOnlyForDeploymentPostprocessing = 0;
		};
		573482622136BA5B00A94B02 /* Sources */ = {
			isa = PBXSourcesBuildPhase;
			buildActionMask = 2147483647;
			files = (
				5734826B2136BA5B00A94B02 /* VMAppTests.swift in Sources */,
			);
			runOnlyForDeploymentPostprocessing = 0;
		};
		5734826D2136BA5B00A94B02 /* Sources */ = {
			isa = PBXSourcesBuildPhase;
			buildActionMask = 2147483647;
			files = (
				573482762136BA5B00A94B02 /* VMAppUITests.swift in Sources */,
			);
			runOnlyForDeploymentPostprocessing = 0;
		};
/* End PBXSourcesBuildPhase section */

/* Begin PBXTargetDependency section */
		573482682136BA5B00A94B02 /* PBXTargetDependency */ = {
			isa = PBXTargetDependency;
			target = 573482512136BA5900A94B02 /* VMApp */;
			targetProxy = 573482672136BA5B00A94B02 /* PBXContainerItemProxy */;
		};
		573482732136BA5B00A94B02 /* PBXTargetDependency */ = {
			isa = PBXTargetDependency;
			target = 573482512136BA5900A94B02 /* VMApp */;
			targetProxy = 573482722136BA5B00A94B02 /* PBXContainerItemProxy */;
		};
/* End PBXTargetDependency section */

/* Begin XCBuildConfiguration section */
		573482782136BA5B00A94B02 /* Debug */ = {
			isa = XCBuildConfiguration;
			buildSettings = {
				ALWAYS_SEARCH_USER_PATHS = NO;
				CLANG_ANALYZER_NONNULL = YES;
				CLANG_ANALYZER_NUMBER_OBJECT_CONVERSION = YES_AGGRESSIVE;
				CLANG_CXX_LANGUAGE_STANDARD = "gnu++14";
				CLANG_CXX_LIBRARY = "libc++";
				CLANG_ENABLE_MODULES = YES;
				CLANG_ENABLE_OBJC_ARC = YES;
				CLANG_ENABLE_OBJC_WEAK = YES;
				CLANG_WARN_BLOCK_CAPTURE_AUTORELEASING = YES;
				CLANG_WARN_BOOL_CONVERSION = YES;
				CLANG_WARN_COMMA = YES;
				CLANG_WARN_CONSTANT_CONVERSION = YES;
				CLANG_WARN_DEPRECATED_OBJC_IMPLEMENTATIONS = YES;
				CLANG_WARN_DIRECT_OBJC_ISA_USAGE = YES_ERROR;
				CLANG_WARN_DOCUMENTATION_COMMENTS = YES;
				CLANG_WARN_EMPTY_BODY = YES;
				CLANG_WARN_ENUM_CONVERSION = YES;
				CLANG_WARN_INFINITE_RECURSION = YES;
				CLANG_WARN_INT_CONVERSION = YES;
				CLANG_WARN_NON_LITERAL_NULL_CONVERSION = YES;
				CLANG_WARN_OBJC_IMPLICIT_RETAIN_SELF = YES;
				CLANG_WARN_OBJC_LITERAL_CONVERSION = YES;
				CLANG_WARN_OBJC_ROOT_CLASS = YES_ERROR;
				CLANG_WARN_RANGE_LOOP_ANALYSIS = YES;
				CLANG_WARN_STRICT_PROTOTYPES = YES;
				CLANG_WARN_SUSPICIOUS_MOVE = YES;
				CLANG_WARN_UNGUARDED_AVAILABILITY = YES_AGGRESSIVE;
				CLANG_WARN_UNREACHABLE_CODE = YES;
				CLANG_WARN__DUPLICATE_METHOD_MATCH = YES;
				CODE_SIGN_IDENTITY = "iPhone Developer";
				COPY_PHASE_STRIP = NO;
				DEBUG_INFORMATION_FORMAT = dwarf;
				ENABLE_STRICT_OBJC_MSGSEND = YES;
				ENABLE_TESTABILITY = YES;
				GCC_C_LANGUAGE_STANDARD = gnu11;
				GCC_DYNAMIC_NO_PIC = NO;
				GCC_NO_COMMON_BLOCKS = YES;
				GCC_OPTIMIZATION_LEVEL = 0;
				GCC_PREPROCESSOR_DEFINITIONS = (
					"DEBUG=1",
					"$(inherited)",
				);
				GCC_WARN_64_TO_32_BIT_CONVERSION = YES;
				GCC_WARN_ABOUT_RETURN_TYPE = YES_ERROR;
				GCC_WARN_UNDECLARED_SELECTOR = YES;
				GCC_WARN_UNINITIALIZED_AUTOS = YES_AGGRESSIVE;
				GCC_WARN_UNUSED_FUNCTION = YES;
				GCC_WARN_UNUSED_VARIABLE = YES;
				IPHONEOS_DEPLOYMENT_TARGET = 11.4;
				MTL_ENABLE_DEBUG_INFO = YES;
				ONLY_ACTIVE_ARCH = YES;
				SDKROOT = iphoneos;
				SWIFT_ACTIVE_COMPILATION_CONDITIONS = DEBUG;
				SWIFT_OPTIMIZATION_LEVEL = "-Onone";
			};
			name = Debug;
		};
		573482792136BA5B00A94B02 /* Release */ = {
			isa = XCBuildConfiguration;
			buildSettings = {
				ALWAYS_SEARCH_USER_PATHS = NO;
				CLANG_ANALYZER_NONNULL = YES;
				CLANG_ANALYZER_NUMBER_OBJECT_CONVERSION = YES_AGGRESSIVE;
				CLANG_CXX_LANGUAGE_STANDARD = "gnu++14";
				CLANG_CXX_LIBRARY = "libc++";
				CLANG_ENABLE_MODULES = YES;
				CLANG_ENABLE_OBJC_ARC = YES;
				CLANG_ENABLE_OBJC_WEAK = YES;
				CLANG_WARN_BLOCK_CAPTURE_AUTORELEASING = YES;
				CLANG_WARN_BOOL_CONVERSION = YES;
				CLANG_WARN_COMMA = YES;
				CLANG_WARN_CONSTANT_CONVERSION = YES;
				CLANG_WARN_DEPRECATED_OBJC_IMPLEMENTATIONS = YES;
				CLANG_WARN_DIRECT_OBJC_ISA_USAGE = YES_ERROR;
				CLANG_WARN_DOCUMENTATION_COMMENTS = YES;
				CLANG_WARN_EMPTY_BODY = YES;
				CLANG_WARN_ENUM_CONVERSION = YES;
				CLANG_WARN_INFINITE_RECURSION = YES;
				CLANG_WARN_INT_CONVERSION = YES;
				CLANG_WARN_NON_LITERAL_NULL_CONVERSION = YES;
				CLANG_WARN_OBJC_IMPLICIT_RETAIN_SELF = YES;
				CLANG_WARN_OBJC_LITERAL_CONVERSION = YES;
				CLANG_WARN_OBJC_ROOT_CLASS = YES_ERROR;
				CLANG_WARN_RANGE_LOOP_ANALYSIS = YES;
				CLANG_WARN_STRICT_PROTOTYPES = YES;
				CLANG_WARN_SUSPICIOUS_MOVE = YES;
				CLANG_WARN_UNGUARDED_AVAILABILITY = YES_AGGRESSIVE;
				CLANG_WARN_UNREACHABLE_CODE = YES;
				CLANG_WARN__DUPLICATE_METHOD_MATCH = YES;
				CODE_SIGN_IDENTITY = "iPhone Developer";
				COPY_PHASE_STRIP = NO;
				DEBUG_INFORMATION_FORMAT = "dwarf-with-dsym";
				ENABLE_NS_ASSERTIONS = NO;
				ENABLE_STRICT_OBJC_MSGSEND = YES;
				GCC_C_LANGUAGE_STANDARD = gnu11;
				GCC_NO_COMMON_BLOCKS = YES;
				GCC_WARN_64_TO_32_BIT_CONVERSION = YES;
				GCC_WARN_ABOUT_RETURN_TYPE = YES_ERROR;
				GCC_WARN_UNDECLARED_SELECTOR = YES;
				GCC_WARN_UNINITIALIZED_AUTOS = YES_AGGRESSIVE;
				GCC_WARN_UNUSED_FUNCTION = YES;
				GCC_WARN_UNUSED_VARIABLE = YES;
				IPHONEOS_DEPLOYMENT_TARGET = 11.4;
				MTL_ENABLE_DEBUG_INFO = NO;
				SDKROOT = iphoneos;
				SWIFT_COMPILATION_MODE = wholemodule;
				SWIFT_OPTIMIZATION_LEVEL = "-O";
				VALIDATE_PRODUCT = YES;
			};
			name = Release;
		};
		5734827B2136BA5B00A94B02 /* Debug */ = {
			isa = XCBuildConfiguration;
			buildSettings = {
				ASSETCATALOG_COMPILER_APPICON_NAME = AppIcon;
				CODE_SIGN_STYLE = Automatic;
				INFOPLIST_FILE = VMApp/Info.plist;
				IPHONEOS_DEPLOYMENT_TARGET = 9.0;
				LD_RUNPATH_SEARCH_PATHS = (
					"$(inherited)",
					"@executable_path/Frameworks",
				);
				PRODUCT_BUNDLE_IDENTIFIER = com.victormarcias.VMApp;
				PRODUCT_NAME = "$(TARGET_NAME)";
				SWIFT_VERSION = 4.0;
				TARGETED_DEVICE_FAMILY = "1,2";
			};
			name = Debug;
		};
		5734827C2136BA5B00A94B02 /* Release */ = {
			isa = XCBuildConfiguration;
			buildSettings = {
				ASSETCATALOG_COMPILER_APPICON_NAME = AppIcon;
				CODE_SIGN_STYLE = Automatic;
				INFOPLIST_FILE = VMApp/Info.plist;
				IPHONEOS_DEPLOYMENT_TARGET = 9.0;
				LD_RUNPATH_SEARCH_PATHS = (
					"$(inherited)",
					"@executable_path/Frameworks",
				);
				PRODUCT_BUNDLE_IDENTIFIER = com.victormarcias.VMApp;
				PRODUCT_NAME = "$(TARGET_NAME)";
				SWIFT_VERSION = 4.0;
				TARGETED_DEVICE_FAMILY = "1,2";
			};
			name = Release;
		};
		5734827E2136BA5B00A94B02 /* Debug */ = {
			isa = XCBuildConfiguration;
			buildSettings = {
				ALWAYS_EMBED_SWIFT_STANDARD_LIBRARIES = YES;
				BUNDLE_LOADER = "$(TEST_HOST)";
				CODE_SIGN_STYLE = Automatic;
				INFOPLIST_FILE = VMAppTests/Info.plist;
				LD_RUNPATH_SEARCH_PATHS = (
					"$(inherited)",
					"@executable_path/Frameworks",
					"@loader_path/Frameworks",
				);
				PRODUCT_BUNDLE_IDENTIFIER = com.victormarcias.VMAppTests;
				PRODUCT_NAME = "$(TARGET_NAME)";
				SWIFT_VERSION = 4.0;
				TARGETED_DEVICE_FAMILY = "1,2";
				TEST_HOST = "$(BUILT_PRODUCTS_DIR)/VMApp.app/VMApp";
			};
			name = Debug;
		};
		5734827F2136BA5B00A94B02 /* Release */ = {
			isa = XCBuildConfiguration;
			buildSettings = {
				ALWAYS_EMBED_SWIFT_STANDARD_LIBRARIES = YES;
				BUNDLE_LOADER = "$(TEST_HOST)";
				CODE_SIGN_STYLE = Automatic;
				INFOPLIST_FILE = VMAppTests/Info.plist;
				LD_RUNPATH_SEARCH_PATHS = (
					"$(inherited)",
					"@executable_path/Frameworks",
					"@loader_path/Frameworks",
				);
				PRODUCT_BUNDLE_IDENTIFIER = com.victormarcias.VMAppTests;
				PRODUCT_NAME = "$(TARGET_NAME)";
				SWIFT_VERSION = 4.0;
				TARGETED_DEVICE_FAMILY = "1,2";
				TEST_HOST = "$(BUILT_PRODUCTS_DIR)/VMApp.app/VMApp";
			};
			name = Release;
		};
		573482812136BA5B00A94B02 /* Debug */ = {
			isa = XCBuildConfiguration;
			buildSettings = {
				ALWAYS_EMBED_SWIFT_STANDARD_LIBRARIES = YES;
				CODE_SIGN_STYLE = Automatic;
				INFOPLIST_FILE = VMAppUITests/Info.plist;
				LD_RUNPATH_SEARCH_PATHS = (
					"$(inherited)",
					"@executable_path/Frameworks",
					"@loader_path/Frameworks",
				);
				PRODUCT_BUNDLE_IDENTIFIER = com.victormarcias.VMAppUITests;
				PRODUCT_NAME = "$(TARGET_NAME)";
				SWIFT_VERSION = 4.0;
				TARGETED_DEVICE_FAMILY = "1,2";
				TEST_TARGET_NAME = VMApp;
			};
			name = Debug;
		};
		573482822136BA5B00A94B02 /* Release */ = {
			isa = XCBuildConfiguration;
			buildSettings = {
				ALWAYS_EMBED_SWIFT_STANDARD_LIBRARIES = YES;
				CODE_SIGN_STYLE = Automatic;
				INFOPLIST_FILE = VMAppUITests/Info.plist;
				LD_RUNPATH_SEARCH_PATHS = (
					"$(inherited)",
					"@executable_path/Frameworks",
					"@loader_path/Frameworks",
				);
				PRODUCT_BUNDLE_IDENTIFIER = com.victormarcias.VMAppUITests;
				PRODUCT_NAME = "$(TARGET_NAME)";
				SWIFT_VERSION = 4.0;
				TARGETED_DEVICE_FAMILY = "1,2";
				TEST_TARGET_NAME = VMApp;
			};
			name = Release;
		};
/* End XCBuildConfiguration section */

/* Begin XCConfigurationList section */
		5734824D2136BA5900A94B02 /* Build configuration list for PBXProject "VMApp" */ = {
			isa = XCConfigurationList;
			buildConfigurations = (
				573482782136BA5B00A94B02 /* Debug */,
				573482792136BA5B00A94B02 /* Release */,
			);
			defaultConfigurationIsVisible = 0;
			defaultConfigurationName = Release;
		};
		5734827A2136BA5B00A94B02 /* Build configuration list for PBXNativeTarget "VMApp" */ = {
			isa = XCConfigurationList;
			buildConfigurations = (
				5734827B2136BA5B00A94B02 /* Debug */,
				5734827C2136BA5B00A94B02 /* Release */,
			);
			defaultConfigurationIsVisible = 0;
			defaultConfigurationName = Release;
		};
		5734827D2136BA5B00A94B02 /* Build configuration list for PBXNativeTarget "VMAppTests" */ = {
			isa = XCConfigurationList;
			buildConfigurations = (
				5734827E2136BA5B00A94B02 /* Debug */,
				5734827F2136BA5B00A94B02 /* Release */,
			);
			defaultConfigurationIsVisible = 0;
			defaultConfigurationName = Release;
		};
		573482802136BA5B00A94B02 /* Build configuration list for PBXNativeTarget "VMAppUITests" */ = {
			isa = XCConfigurationList;
			buildConfigurations = (
				573482812136BA5B00A94B02 /* Debug */,
				573482822136BA5B00A94B02 /* Release */,
			);
			defaultConfigurationIsVisible = 0;
			defaultConfigurationName = Release;
		};
/* End XCConfigurationList section */
	};
	rootObject = 5734824A2136BA5900A94B02 /* Project object */;
}
